// !$*UTF8*$!
{
	archiveVersion = 1;
	classes = {
	};
	objectVersion = 51;
	objects = {

/* Begin PBXBuildFile section */
		ACF3070564DD465D91987DB2 /* Pods_flix.framework in Frameworks */ = {isa = PBXBuildFile; fileRef = E3DF9538E1D4621ADCC6F75C /* Pods_flix.framework */; };
		B9AF893BF52EC290EA10BBA3 /* Pods_flixTests.framework in Frameworks */ = {isa = PBXBuildFile; fileRef = EE3AFAAE308D7CA8CCADDDC4 /* Pods_flixTests.framework */; };
		E24C0E03692A7F8B19D27448 /* Pods_flix_flixUITests.framework in Frameworks */ = {isa = PBXBuildFile; fileRef = C8AB78624479AC3AE69525FC /* Pods_flix_flixUITests.framework */; };
		ED0BA21524A470DE0030DEE3 /* MovieGridCell.swift in Sources */ = {isa = PBXBuildFile; fileRef = ED0BA21424A470DE0030DEE3 /* MovieGridCell.swift */; };
		ED3D2CD52485875D00FEED4B /* AppDelegate.swift in Sources */ = {isa = PBXBuildFile; fileRef = ED3D2CD42485875D00FEED4B /* AppDelegate.swift */; };
		ED3D2CD72485875D00FEED4B /* SceneDelegate.swift in Sources */ = {isa = PBXBuildFile; fileRef = ED3D2CD62485875D00FEED4B /* SceneDelegate.swift */; };
		ED3D2CDC2485875D00FEED4B /* Main.storyboard in Resources */ = {isa = PBXBuildFile; fileRef = ED3D2CDA2485875D00FEED4B /* Main.storyboard */; };
		ED3D2CDE2485876000FEED4B /* Assets.xcassets in Resources */ = {isa = PBXBuildFile; fileRef = ED3D2CDD2485876000FEED4B /* Assets.xcassets */; };
		ED3D2CE12485876000FEED4B /* LaunchScreen.storyboard in Resources */ = {isa = PBXBuildFile; fileRef = ED3D2CDF2485876000FEED4B /* LaunchScreen.storyboard */; };
		ED3D2CEC2485876000FEED4B /* flixTests.swift in Sources */ = {isa = PBXBuildFile; fileRef = ED3D2CEB2485876000FEED4B /* flixTests.swift */; };
		ED3D2CF72485876000FEED4B /* flixUITests.swift in Sources */ = {isa = PBXBuildFile; fileRef = ED3D2CF62485876000FEED4B /* flixUITests.swift */; };
		ED3D2D052485895800FEED4B /* MovieViewController.swift in Sources */ = {isa = PBXBuildFile; fileRef = ED3D2D042485895800FEED4B /* MovieViewController.swift */; };
		ED3D2D0724860A0100FEED4B /* MovieCell.swift in Sources */ = {isa = PBXBuildFile; fileRef = ED3D2D0624860A0100FEED4B /* MovieCell.swift */; };
		ED715FB124A459280064CAA9 /* TVShowViewController.swift in Sources */ = {isa = PBXBuildFile; fileRef = ED715FB024A459280064CAA9 /* TVShowViewController.swift */; };
		ED715FB324A468A70064CAA9 /* TVShowCell.swift in Sources */ = {isa = PBXBuildFile; fileRef = ED715FB224A468A70064CAA9 /* TVShowCell.swift */; };
		EDE04CCA249427C60020E09C /* MovieDetailsViewController.swift in Sources */ = {isa = PBXBuildFile; fileRef = EDE04CC9249427C60020E09C /* MovieDetailsViewController.swift */; };
		EDE04CCC249AAC1A0020E09C /* MovieGridViewController.swift in Sources */ = {isa = PBXBuildFile; fileRef = EDE04CCB249AAC1A0020E09C /* MovieGridViewController.swift */; };
/* End PBXBuildFile section */

/* Begin PBXContainerItemProxy section */
		ED3D2CE82485876000FEED4B /* PBXContainerItemProxy */ = {
			isa = PBXContainerItemProxy;
			containerPortal = ED3D2CC92485875D00FEED4B /* Project object */;
			proxyType = 1;
			remoteGlobalIDString = ED3D2CD02485875D00FEED4B;
			remoteInfo = flix;
		};
		ED3D2CF32485876000FEED4B /* PBXContainerItemProxy */ = {
			isa = PBXContainerItemProxy;
			containerPortal = ED3D2CC92485875D00FEED4B /* Project object */;
			proxyType = 1;
			remoteGlobalIDString = ED3D2CD02485875D00FEED4B;
			remoteInfo = flix;
		};
/* End PBXContainerItemProxy section */

/* Begin PBXFileReference section */
		38B88A0E275280885FA8A914 /* Pods-flix.debug.xcconfig */ = {isa = PBXFileReference; includeInIndex = 1; lastKnownFileType = text.xcconfig; name = "Pods-flix.debug.xcconfig"; path = "Target Support Files/Pods-flix/Pods-flix.debug.xcconfig"; sourceTree = "<group>"; };
		48C9819EE154067C001F62A8 /* Pods-flix-flixUITests.release.xcconfig */ = {isa = PBXFileReference; includeInIndex = 1; lastKnownFileType = text.xcconfig; name = "Pods-flix-flixUITests.release.xcconfig"; path = "Target Support Files/Pods-flix-flixUITests/Pods-flix-flixUITests.release.xcconfig"; sourceTree = "<group>"; };
		578141FC350A63F32D0FA247 /* Pods-flixTests.debug.xcconfig */ = {isa = PBXFileReference; includeInIndex = 1; lastKnownFileType = text.xcconfig; name = "Pods-flixTests.debug.xcconfig"; path = "Target Support Files/Pods-flixTests/Pods-flixTests.debug.xcconfig"; sourceTree = "<group>"; };
		62FD55D30BB2479C2BEE31EF /* Pods-flix.release.xcconfig */ = {isa = PBXFileReference; includeInIndex = 1; lastKnownFileType = text.xcconfig; name = "Pods-flix.release.xcconfig"; path = "Target Support Files/Pods-flix/Pods-flix.release.xcconfig"; sourceTree = "<group>"; };
		71E6E50D3D7B4B1EC2CA9A03 /* Pods-flixTests.release.xcconfig */ = {isa = PBXFileReference; includeInIndex = 1; lastKnownFileType = text.xcconfig; name = "Pods-flixTests.release.xcconfig"; path = "Target Support Files/Pods-flixTests/Pods-flixTests.release.xcconfig"; sourceTree = "<group>"; };
		B9248B6DDB5D95DA9CF936EA /* Pods-flix-flixUITests.debug.xcconfig */ = {isa = PBXFileReference; includeInIndex = 1; lastKnownFileType = text.xcconfig; name = "Pods-flix-flixUITests.debug.xcconfig"; path = "Target Support Files/Pods-flix-flixUITests/Pods-flix-flixUITests.debug.xcconfig"; sourceTree = "<group>"; };
		C8AB78624479AC3AE69525FC /* Pods_flix_flixUITests.framework */ = {isa = PBXFileReference; explicitFileType = wrapper.framework; includeInIndex = 0; path = Pods_flix_flixUITests.framework; sourceTree = BUILT_PRODUCTS_DIR; };
		E3DF9538E1D4621ADCC6F75C /* Pods_flix.framework */ = {isa = PBXFileReference; explicitFileType = wrapper.framework; includeInIndex = 0; path = Pods_flix.framework; sourceTree = BUILT_PRODUCTS_DIR; };
		ED0BA21424A470DE0030DEE3 /* MovieGridCell.swift */ = {isa = PBXFileReference; fileEncoding = 4; lastKnownFileType = sourcecode.swift; path = MovieGridCell.swift; sourceTree = "<group>"; };
		ED3D2CD12485875D00FEED4B /* flix.app */ = {isa = PBXFileReference; explicitFileType = wrapper.application; includeInIndex = 0; path = flix.app; sourceTree = BUILT_PRODUCTS_DIR; };
		ED3D2CD42485875D00FEED4B /* AppDelegate.swift */ = {isa = PBXFileReference; lastKnownFileType = sourcecode.swift; path = AppDelegate.swift; sourceTree = "<group>"; };
		ED3D2CD62485875D00FEED4B /* SceneDelegate.swift */ = {isa = PBXFileReference; lastKnownFileType = sourcecode.swift; path = SceneDelegate.swift; sourceTree = "<group>"; };
		ED3D2CDB2485875D00FEED4B /* Base */ = {isa = PBXFileReference; lastKnownFileType = file.storyboard; name = Base; path = Base.lproj/Main.storyboard; sourceTree = "<group>"; };
		ED3D2CDD2485876000FEED4B /* Assets.xcassets */ = {isa = PBXFileReference; lastKnownFileType = folder.assetcatalog; path = Assets.xcassets; sourceTree = "<group>"; };
		ED3D2CE02485876000FEED4B /* Base */ = {isa = PBXFileReference; lastKnownFileType = file.storyboard; name = Base; path = Base.lproj/LaunchScreen.storyboard; sourceTree = "<group>"; };
		ED3D2CE22485876000FEED4B /* Info.plist */ = {isa = PBXFileReference; lastKnownFileType = text.plist.xml; path = Info.plist; sourceTree = "<group>"; };
		ED3D2CE72485876000FEED4B /* flixTests.xctest */ = {isa = PBXFileReference; explicitFileType = wrapper.cfbundle; includeInIndex = 0; path = flixTests.xctest; sourceTree = BUILT_PRODUCTS_DIR; };
		ED3D2CEB2485876000FEED4B /* flixTests.swift */ = {isa = PBXFileReference; lastKnownFileType = sourcecode.swift; path = flixTests.swift; sourceTree = "<group>"; };
		ED3D2CED2485876000FEED4B /* Info.plist */ = {isa = PBXFileReference; lastKnownFileType = text.plist.xml; path = Info.plist; sourceTree = "<group>"; };
		ED3D2CF22485876000FEED4B /* flixUITests.xctest */ = {isa = PBXFileReference; explicitFileType = wrapper.cfbundle; includeInIndex = 0; path = flixUITests.xctest; sourceTree = BUILT_PRODUCTS_DIR; };
		ED3D2CF62485876000FEED4B /* flixUITests.swift */ = {isa = PBXFileReference; lastKnownFileType = sourcecode.swift; path = flixUITests.swift; sourceTree = "<group>"; };
		ED3D2CF82485876000FEED4B /* Info.plist */ = {isa = PBXFileReference; lastKnownFileType = text.plist.xml; path = Info.plist; sourceTree = "<group>"; };
		ED3D2D042485895800FEED4B /* MovieViewController.swift */ = {isa = PBXFileReference; lastKnownFileType = sourcecode.swift; path = MovieViewController.swift; sourceTree = "<group>"; };
		ED3D2D0624860A0100FEED4B /* MovieCell.swift */ = {isa = PBXFileReference; lastKnownFileType = sourcecode.swift; path = MovieCell.swift; sourceTree = "<group>"; };
		ED715FB024A459280064CAA9 /* TVShowViewController.swift */ = {isa = PBXFileReference; lastKnownFileType = sourcecode.swift; path = TVShowViewController.swift; sourceTree = "<group>"; };
		ED715FB224A468A70064CAA9 /* TVShowCell.swift */ = {isa = PBXFileReference; lastKnownFileType = sourcecode.swift; path = TVShowCell.swift; sourceTree = "<group>"; };
		EDE04CC9249427C60020E09C /* MovieDetailsViewController.swift */ = {isa = PBXFileReference; lastKnownFileType = sourcecode.swift; path = MovieDetailsViewController.swift; sourceTree = "<group>"; };
		EDE04CCB249AAC1A0020E09C /* MovieGridViewController.swift */ = {isa = PBXFileReference; lastKnownFileType = sourcecode.swift; path = MovieGridViewController.swift; sourceTree = "<group>"; };
		EE3AFAAE308D7CA8CCADDDC4 /* Pods_flixTests.framework */ = {isa = PBXFileReference; explicitFileType = wrapper.framework; includeInIndex = 0; path = Pods_flixTests.framework; sourceTree = BUILT_PRODUCTS_DIR; };
/* End PBXFileReference section */

/* Begin PBXFrameworksBuildPhase section */
		ED3D2CCE2485875D00FEED4B /* Frameworks */ = {
			isa = PBXFrameworksBuildPhase;
			buildActionMask = 2147483647;
			files = (
				ACF3070564DD465D91987DB2 /* Pods_flix.framework in Frameworks */,
			);
			runOnlyForDeploymentPostprocessing = 0;
		};
		ED3D2CE42485876000FEED4B /* Frameworks */ = {
			isa = PBXFrameworksBuildPhase;
			buildActionMask = 2147483647;
			files = (
				B9AF893BF52EC290EA10BBA3 /* Pods_flixTests.framework in Frameworks */,
			);
			runOnlyForDeploymentPostprocessing = 0;
		};
		ED3D2CEF2485876000FEED4B /* Frameworks */ = {
			isa = PBXFrameworksBuildPhase;
			buildActionMask = 2147483647;
			files = (
				E24C0E03692A7F8B19D27448 /* Pods_flix_flixUITests.framework in Frameworks */,
			);
			runOnlyForDeploymentPostprocessing = 0;
		};
/* End PBXFrameworksBuildPhase section */

/* Begin PBXGroup section */
		0264F658E2CF30C3C7864679 /* Frameworks */ = {
			isa = PBXGroup;
			children = (
				E3DF9538E1D4621ADCC6F75C /* Pods_flix.framework */,
				C8AB78624479AC3AE69525FC /* Pods_flix_flixUITests.framework */,
				EE3AFAAE308D7CA8CCADDDC4 /* Pods_flixTests.framework */,
			);
			name = Frameworks;
			sourceTree = "<group>";
		};
		850FAFA1DEC36FDB861F9739 /* Pods */ = {
			isa = PBXGroup;
			children = (
				38B88A0E275280885FA8A914 /* Pods-flix.debug.xcconfig */,
				62FD55D30BB2479C2BEE31EF /* Pods-flix.release.xcconfig */,
				B9248B6DDB5D95DA9CF936EA /* Pods-flix-flixUITests.debug.xcconfig */,
				48C9819EE154067C001F62A8 /* Pods-flix-flixUITests.release.xcconfig */,
				578141FC350A63F32D0FA247 /* Pods-flixTests.debug.xcconfig */,
				71E6E50D3D7B4B1EC2CA9A03 /* Pods-flixTests.release.xcconfig */,
			);
			path = Pods;
			sourceTree = "<group>";
		};
		ED3D2CC82485875D00FEED4B = {
			isa = PBXGroup;
			children = (
				ED3D2CD32485875D00FEED4B /* flix */,
				ED3D2CEA2485876000FEED4B /* flixTests */,
				ED3D2CF52485876000FEED4B /* flixUITests */,
				ED3D2CD22485875D00FEED4B /* Products */,
				850FAFA1DEC36FDB861F9739 /* Pods */,
				0264F658E2CF30C3C7864679 /* Frameworks */,
			);
			sourceTree = "<group>";
		};
		ED3D2CD22485875D00FEED4B /* Products */ = {
			isa = PBXGroup;
			children = (
				ED3D2CD12485875D00FEED4B /* flix.app */,
				ED3D2CE72485876000FEED4B /* flixTests.xctest */,
				ED3D2CF22485876000FEED4B /* flixUITests.xctest */,
			);
			name = Products;
			sourceTree = "<group>";
		};
		ED3D2CD32485875D00FEED4B /* flix */ = {
			isa = PBXGroup;
			children = (
				ED3D2CD42485875D00FEED4B /* AppDelegate.swift */,
				ED3D2CD62485875D00FEED4B /* SceneDelegate.swift */,
				ED3D2CDA2485875D00FEED4B /* Main.storyboard */,
				ED3D2CDD2485876000FEED4B /* Assets.xcassets */,
				ED3D2CDF2485876000FEED4B /* LaunchScreen.storyboard */,
				ED3D2CE22485876000FEED4B /* Info.plist */,
				ED3D2D042485895800FEED4B /* MovieViewController.swift */,
				ED3D2D0624860A0100FEED4B /* MovieCell.swift */,
				ED0BA21424A470DE0030DEE3 /* MovieGridCell.swift */,
				EDE04CC9249427C60020E09C /* MovieDetailsViewController.swift */,
				EDE04CCB249AAC1A0020E09C /* MovieGridViewController.swift */,
				ED715FB024A459280064CAA9 /* TVShowViewController.swift */,
				ED715FB224A468A70064CAA9 /* TVShowCell.swift */,
			);
			path = flix;
			sourceTree = "<group>";
		};
		ED3D2CEA2485876000FEED4B /* flixTests */ = {
			isa = PBXGroup;
			children = (
				ED3D2CEB2485876000FEED4B /* flixTests.swift */,
				ED3D2CED2485876000FEED4B /* Info.plist */,
			);
			path = flixTests;
			sourceTree = "<group>";
		};
		ED3D2CF52485876000FEED4B /* flixUITests */ = {
			isa = PBXGroup;
			children = (
				ED3D2CF62485876000FEED4B /* flixUITests.swift */,
				ED3D2CF82485876000FEED4B /* Info.plist */,
			);
			path = flixUITests;
			sourceTree = "<group>";
		};
/* End PBXGroup section */

/* Begin PBXNativeTarget section */
		ED3D2CD02485875D00FEED4B /* flix */ = {
			isa = PBXNativeTarget;
			buildConfigurationList = ED3D2CFB2485876000FEED4B /* Build configuration list for PBXNativeTarget "flix" */;
			buildPhases = (
				A0779D8363FA89B0FF30AE90 /* [CP] Check Pods Manifest.lock */,
				ED3D2CCD2485875D00FEED4B /* Sources */,
				ED3D2CCE2485875D00FEED4B /* Frameworks */,
				ED3D2CCF2485875D00FEED4B /* Resources */,
				1B0C3336F95B946B277D2A7A /* [CP] Embed Pods Frameworks */,
			);
			buildRules = (
			);
			dependencies = (
			);
			name = flix;
			productName = flix;
			productReference = ED3D2CD12485875D00FEED4B /* flix.app */;
			productType = "com.apple.product-type.application";
		};
		ED3D2CE62485876000FEED4B /* flixTests */ = {
			isa = PBXNativeTarget;
			buildConfigurationList = ED3D2CFE2485876000FEED4B /* Build configuration list for PBXNativeTarget "flixTests" */;
			buildPhases = (
				AEB1782A6D472A36D43DDE0F /* [CP] Check Pods Manifest.lock */,
				ED3D2CE32485876000FEED4B /* Sources */,
				ED3D2CE42485876000FEED4B /* Frameworks */,
				ED3D2CE52485876000FEED4B /* Resources */,
			);
			buildRules = (
			);
			dependencies = (
				ED3D2CE92485876000FEED4B /* PBXTargetDependency */,
			);
			name = flixTests;
			productName = flixTests;
			productReference = ED3D2CE72485876000FEED4B /* flixTests.xctest */;
			productType = "com.apple.product-type.bundle.unit-test";
		};
		ED3D2CF12485876000FEED4B /* flixUITests */ = {
			isa = PBXNativeTarget;
			buildConfigurationList = ED3D2D012485876000FEED4B /* Build configuration list for PBXNativeTarget "flixUITests" */;
			buildPhases = (
				ECA820C1C942BF8913A771BA /* [CP] Check Pods Manifest.lock */,
				ED3D2CEE2485876000FEED4B /* Sources */,
				ED3D2CEF2485876000FEED4B /* Frameworks */,
				ED3D2CF02485876000FEED4B /* Resources */,
				4F8BE3FD9ED39E7EC1E2EC5D /* [CP] Embed Pods Frameworks */,
			);
			buildRules = (
			);
			dependencies = (
				ED3D2CF42485876000FEED4B /* PBXTargetDependency */,
			);
			name = flixUITests;
			productName = flixUITests;
			productReference = ED3D2CF22485876000FEED4B /* flixUITests.xctest */;
			productType = "com.apple.product-type.bundle.ui-testing";
		};
/* End PBXNativeTarget section */

/* Begin PBXProject section */
		ED3D2CC92485875D00FEED4B /* Project object */ = {
			isa = PBXProject;
			attributes = {
				LastSwiftUpdateCheck = 1150;
				LastUpgradeCheck = 1150;
				ORGANIZATIONNAME = "Jonathan Singer";
				TargetAttributes = {
					ED3D2CD02485875D00FEED4B = {
						CreatedOnToolsVersion = 11.5;
					};
					ED3D2CE62485876000FEED4B = {
						CreatedOnToolsVersion = 11.5;
						TestTargetID = ED3D2CD02485875D00FEED4B;
					};
					ED3D2CF12485876000FEED4B = {
						CreatedOnToolsVersion = 11.5;
						TestTargetID = ED3D2CD02485875D00FEED4B;
					};
				};
			};
			buildConfigurationList = ED3D2CCC2485875D00FEED4B /* Build configuration list for PBXProject "flix" */;
			compatibilityVersion = "Xcode 9.3";
			developmentRegion = en;
			hasScannedForEncodings = 0;
			knownRegions = (
				en,
				Base,
			);
			mainGroup = ED3D2CC82485875D00FEED4B;
			productRefGroup = ED3D2CD22485875D00FEED4B /* Products */;
			projectDirPath = "";
			projectRoot = "";
			targets = (
				ED3D2CD02485875D00FEED4B /* flix */,
				ED3D2CE62485876000FEED4B /* flixTests */,
				ED3D2CF12485876000FEED4B /* flixUITests */,
			);
		};
/* End PBXProject section */

/* Begin PBXResourcesBuildPhase section */
		ED3D2CCF2485875D00FEED4B /* Resources */ = {
			isa = PBXResourcesBuildPhase;
			buildActionMask = 2147483647;
			files = (
				ED3D2CE12485876000FEED4B /* LaunchScreen.storyboard in Resources */,
				ED3D2CDE2485876000FEED4B /* Assets.xcassets in Resources */,
				ED3D2CDC2485875D00FEED4B /* Main.storyboard in Resources */,
			);
			runOnlyForDeploymentPostprocessing = 0;
		};
		ED3D2CE52485876000FEED4B /* Resources */ = {
			isa = PBXResourcesBuildPhase;
			buildActionMask = 2147483647;
			files = (
			);
			runOnlyForDeploymentPostprocessing = 0;
		};
		ED3D2CF02485876000FEED4B /* Resources */ = {
			isa = PBXResourcesBuildPhase;
			buildActionMask = 2147483647;
			files = (
			);
			runOnlyForDeploymentPostprocessing = 0;
		};
/* End PBXResourcesBuildPhase section */

/* Begin PBXShellScriptBuildPhase section */
		1B0C3336F95B946B277D2A7A /* [CP] Embed Pods Frameworks */ = {
			isa = PBXShellScriptBuildPhase;
			buildActionMask = 2147483647;
			files = (
			);
			inputFileListPaths = (
				"${PODS_ROOT}/Target Support Files/Pods-flix/Pods-flix-frameworks-${CONFIGURATION}-input-files.xcfilelist",
			);
			name = "[CP] Embed Pods Frameworks";
			outputFileListPaths = (
				"${PODS_ROOT}/Target Support Files/Pods-flix/Pods-flix-frameworks-${CONFIGURATION}-output-files.xcfilelist",
			);
			runOnlyForDeploymentPostprocessing = 0;
			shellPath = /bin/sh;
			shellScript = "\"${PODS_ROOT}/Target Support Files/Pods-flix/Pods-flix-frameworks.sh\"\n";
			showEnvVarsInLog = 0;
		};
		4F8BE3FD9ED39E7EC1E2EC5D /* [CP] Embed Pods Frameworks */ = {
			isa = PBXShellScriptBuildPhase;
			buildActionMask = 2147483647;
			files = (
			);
			inputFileListPaths = (
				"${PODS_ROOT}/Target Support Files/Pods-flix-flixUITests/Pods-flix-flixUITests-frameworks-${CONFIGURATION}-input-files.xcfilelist",
			);
			name = "[CP] Embed Pods Frameworks";
			outputFileListPaths = (
				"${PODS_ROOT}/Target Support Files/Pods-flix-flixUITests/Pods-flix-flixUITests-frameworks-${CONFIGURATION}-output-files.xcfilelist",
			);
			runOnlyForDeploymentPostprocessing = 0;
			shellPath = /bin/sh;
			shellScript = "\"${PODS_ROOT}/Target Support Files/Pods-flix-flixUITests/Pods-flix-flixUITests-frameworks.sh\"\n";
			showEnvVarsInLog = 0;
		};
		A0779D8363FA89B0FF30AE90 /* [CP] Check Pods Manifest.lock */ = {
			isa = PBXShellScriptBuildPhase;
			buildActionMask = 2147483647;
			files = (
			);
			inputFileListPaths = (
			);
			inputPaths = (
				"${PODS_PODFILE_DIR_PATH}/Podfile.lock",
				"${PODS_ROOT}/Manifest.lock",
			);
			name = "[CP] Check Pods Manifest.lock";
			outputFileListPaths = (
			);
			outputPaths = (
				"$(DERIVED_FILE_DIR)/Pods-flix-checkManifestLockResult.txt",
			);
			runOnlyForDeploymentPostprocessing = 0;
			shellPath = /bin/sh;
			shellScript = "diff \"${PODS_PODFILE_DIR_PATH}/Podfile.lock\" \"${PODS_ROOT}/Manifest.lock\" > /dev/null\nif [ $? != 0 ] ; then\n    # print error to STDERR\n    echo \"error: The sandbox is not in sync with the Podfile.lock. Run 'pod install' or update your CocoaPods installation.\" >&2\n    exit 1\nfi\n# This output is used by Xcode 'outputs' to avoid re-running this script phase.\necho \"SUCCESS\" > \"${SCRIPT_OUTPUT_FILE_0}\"\n";
			showEnvVarsInLog = 0;
		};
		AEB1782A6D472A36D43DDE0F /* [CP] Check Pods Manifest.lock */ = {
			isa = PBXShellScriptBuildPhase;
			buildActionMask = 2147483647;
			files = (
			);
			inputFileListPaths = (
			);
			inputPaths = (
				"${PODS_PODFILE_DIR_PATH}/Podfile.lock",
				"${PODS_ROOT}/Manifest.lock",
			);
			name = "[CP] Check Pods Manifest.lock";
			outputFileListPaths = (
			);
			outputPaths = (
				"$(DERIVED_FILE_DIR)/Pods-flixTests-checkManifestLockResult.txt",
			);
			runOnlyForDeploymentPostprocessing = 0;
			shellPath = /bin/sh;
			shellScript = "diff \"${PODS_PODFILE_DIR_PATH}/Podfile.lock\" \"${PODS_ROOT}/Manifest.lock\" > /dev/null\nif [ $? != 0 ] ; then\n    # print error to STDERR\n    echo \"error: The sandbox is not in sync with the Podfile.lock. Run 'pod install' or update your CocoaPods installation.\" >&2\n    exit 1\nfi\n# This output is used by Xcode 'outputs' to avoid re-running this script phase.\necho \"SUCCESS\" > \"${SCRIPT_OUTPUT_FILE_0}\"\n";
			showEnvVarsInLog = 0;
		};
		ECA820C1C942BF8913A771BA /* [CP] Check Pods Manifest.lock */ = {
			isa = PBXShellScriptBuildPhase;
			buildActionMask = 2147483647;
			files = (
			);
			inputFileListPaths = (
			);
			inputPaths = (
				"${PODS_PODFILE_DIR_PATH}/Podfile.lock",
				"${PODS_ROOT}/Manifest.lock",
			);
			name = "[CP] Check Pods Manifest.lock";
			outputFileListPaths = (
			);
			outputPaths = (
				"$(DERIVED_FILE_DIR)/Pods-flix-flixUITests-checkManifestLockResult.txt",
			);
			runOnlyForDeploymentPostprocessing = 0;
			shellPath = /bin/sh;
			shellScript = "diff \"${PODS_PODFILE_DIR_PATH}/Podfile.lock\" \"${PODS_ROOT}/Manifest.lock\" > /dev/null\nif [ $? != 0 ] ; then\n    # print error to STDERR\n    echo \"error: The sandbox is not in sync with the Podfile.lock. Run 'pod install' or update your CocoaPods installation.\" >&2\n    exit 1\nfi\n# This output is used by Xcode 'outputs' to avoid re-running this script phase.\necho \"SUCCESS\" > \"${SCRIPT_OUTPUT_FILE_0}\"\n";
			showEnvVarsInLog = 0;
		};
/* End PBXShellScriptBuildPhase section */

/* Begin PBXSourcesBuildPhase section */
		ED3D2CCD2485875D00FEED4B /* Sources */ = {
			isa = PBXSourcesBuildPhase;
			buildActionMask = 2147483647;
			files = (
				EDE04CCA249427C60020E09C /* MovieDetailsViewController.swift in Sources */,
				ED3D2CD52485875D00FEED4B /* AppDelegate.swift in Sources */,
				ED3D2CD72485875D00FEED4B /* SceneDelegate.swift in Sources */,
				ED3D2D0724860A0100FEED4B /* MovieCell.swift in Sources */,
				ED3D2D052485895800FEED4B /* MovieViewController.swift in Sources */,
				EDE04CCC249AAC1A0020E09C /* MovieGridViewController.swift in Sources */,
				ED715FB324A468A70064CAA9 /* TVShowCell.swift in Sources */,
				ED0BA21524A470DE0030DEE3 /* MovieGridCell.swift in Sources */,
				ED715FB124A459280064CAA9 /* TVShowViewController.swift in Sources */,
			);
			runOnlyForDeploymentPostprocessing = 0;
		};
		ED3D2CE32485876000FEED4B /* Sources */ = {
			isa = PBXSourcesBuildPhase;
			buildActionMask = 2147483647;
			files = (
				ED3D2CEC2485876000FEED4B /* flixTests.swift in Sources */,
			);
			runOnlyForDeploymentPostprocessing = 0;
		};
		ED3D2CEE2485876000FEED4B /* Sources */ = {
			isa = PBXSourcesBuildPhase;
			buildActionMask = 2147483647;
			files = (
				ED3D2CF72485876000FEED4B /* flixUITests.swift in Sources */,
			);
			runOnlyForDeploymentPostprocessing = 0;
		};
/* End PBXSourcesBuildPhase section */

/* Begin PBXTargetDependency section */
		ED3D2CE92485876000FEED4B /* PBXTargetDependency */ = {
			isa = PBXTargetDependency;
			target = ED3D2CD02485875D00FEED4B /* flix */;
			targetProxy = ED3D2CE82485876000FEED4B /* PBXContainerItemProxy */;
		};
		ED3D2CF42485876000FEED4B /* PBXTargetDependency */ = {
			isa = PBXTargetDependency;
			target = ED3D2CD02485875D00FEED4B /* flix */;
			targetProxy = ED3D2CF32485876000FEED4B /* PBXContainerItemProxy */;
		};
/* End PBXTargetDependency section */

/* Begin PBXVariantGroup section */
		ED3D2CDA2485875D00FEED4B /* Main.storyboard */ = {
			isa = PBXVariantGroup;
			children = (
				ED3D2CDB2485875D00FEED4B /* Base */,
			);
			name = Main.storyboard;
			sourceTree = "<group>";
		};
		ED3D2CDF2485876000FEED4B /* LaunchScreen.storyboard */ = {
			isa = PBXVariantGroup;
			children = (
				ED3D2CE02485876000FEED4B /* Base */,
			);
			name = LaunchScreen.storyboard;
			sourceTree = "<group>";
		};
/* End PBXVariantGroup section */

/* Begin XCBuildConfiguration section */
		ED3D2CF92485876000FEED4B /* Debug */ = {
			isa = XCBuildConfiguration;
			buildSettings = {
				ALWAYS_SEARCH_USER_PATHS = NO;
				CLANG_ANALYZER_NONNULL = YES;
				CLANG_ANALYZER_NUMBER_OBJECT_CONVERSION = YES_AGGRESSIVE;
				CLANG_CXX_LANGUAGE_STANDARD = "gnu++14";
				CLANG_CXX_LIBRARY = "libc++";
				CLANG_ENABLE_MODULES = YES;
				CLANG_ENABLE_OBJC_ARC = YES;
				CLANG_ENABLE_OBJC_WEAK = YES;
				CLANG_WARN_BLOCK_CAPTURE_AUTORELEASING = YES;
				CLANG_WARN_BOOL_CONVERSION = YES;
				CLANG_WARN_COMMA = YES;
				CLANG_WARN_CONSTANT_CONVERSION = YES;
				CLANG_WARN_DEPRECATED_OBJC_IMPLEMENTATIONS = YES;
				CLANG_WARN_DIRECT_OBJC_ISA_USAGE = YES_ERROR;
				CLANG_WARN_DOCUMENTATION_COMMENTS = YES;
				CLANG_WARN_EMPTY_BODY = YES;
				CLANG_WARN_ENUM_CONVERSION = YES;
				CLANG_WARN_INFINITE_RECURSION = YES;
				CLANG_WARN_INT_CONVERSION = YES;
				CLANG_WARN_NON_LITERAL_NULL_CONVERSION = YES;
				CLANG_WARN_OBJC_IMPLICIT_RETAIN_SELF = YES;
				CLANG_WARN_OBJC_LITERAL_CONVERSION = YES;
				CLANG_WARN_OBJC_ROOT_CLASS = YES_ERROR;
				CLANG_WARN_RANGE_LOOP_ANALYSIS = YES;
				CLANG_WARN_STRICT_PROTOTYPES = YES;
				CLANG_WARN_SUSPICIOUS_MOVE = YES;
				CLANG_WARN_UNGUARDED_AVAILABILITY = YES_AGGRESSIVE;
				CLANG_WARN_UNREACHABLE_CODE = YES;
				CLANG_WARN__DUPLICATE_METHOD_MATCH = YES;
				COPY_PHASE_STRIP = NO;
				DEBUG_INFORMATION_FORMAT = dwarf;
				ENABLE_STRICT_OBJC_MSGSEND = YES;
				ENABLE_TESTABILITY = YES;
				GCC_C_LANGUAGE_STANDARD = gnu11;
				GCC_DYNAMIC_NO_PIC = NO;
				GCC_NO_COMMON_BLOCKS = YES;
				GCC_OPTIMIZATION_LEVEL = 0;
				GCC_PREPROCESSOR_DEFINITIONS = (
					"DEBUG=1",
					"$(inherited)",
				);
				GCC_WARN_64_TO_32_BIT_CONVERSION = YES;
				GCC_WARN_ABOUT_RETURN_TYPE = YES_ERROR;
				GCC_WARN_UNDECLARED_SELECTOR = YES;
				GCC_WARN_UNINITIALIZED_AUTOS = YES_AGGRESSIVE;
				GCC_WARN_UNUSED_FUNCTION = YES;
				GCC_WARN_UNUSED_VARIABLE = YES;
				IPHONEOS_DEPLOYMENT_TARGET = 13.5;
				MTL_ENABLE_DEBUG_INFO = INCLUDE_SOURCE;
				MTL_FAST_MATH = YES;
				ONLY_ACTIVE_ARCH = YES;
				SDKROOT = iphoneos;
				SWIFT_ACTIVE_COMPILATION_CONDITIONS = DEBUG;
				SWIFT_OPTIMIZATION_LEVEL = "-Onone";
			};
			name = Debug;
		};
		ED3D2CFA2485876000FEED4B /* Release */ = {
			isa = XCBuildConfiguration;
			buildSettings = {
				ALWAYS_SEARCH_USER_PATHS = NO;
				CLANG_ANALYZER_NONNULL = YES;
				CLANG_ANALYZER_NUMBER_OBJECT_CONVERSION = YES_AGGRESSIVE;
				CLANG_CXX_LANGUAGE_STANDARD = "gnu++14";
				CLANG_CXX_LIBRARY = "libc++";
				CLANG_ENABLE_MODULES = YES;
				CLANG_ENABLE_OBJC_ARC = YES;
				CLANG_ENABLE_OBJC_WEAK = YES;
				CLANG_WARN_BLOCK_CAPTURE_AUTORELEASING = YES;
				CLANG_WARN_BOOL_CONVERSION = YES;
				CLANG_WARN_COMMA = YES;
				CLANG_WARN_CONSTANT_CONVERSION = YES;
				CLANG_WARN_DEPRECATED_OBJC_IMPLEMENTATIONS = YES;
				CLANG_WARN_DIRECT_OBJC_ISA_USAGE = YES_ERROR;
				CLANG_WARN_DOCUMENTATION_COMMENTS = YES;
				CLANG_WARN_EMPTY_BODY = YES;
				CLANG_WARN_ENUM_CONVERSION = YES;
				CLANG_WARN_INFINITE_RECURSION = YES;
				CLANG_WARN_INT_CONVERSION = YES;
				CLANG_WARN_NON_LITERAL_NULL_CONVERSION = YES;
				CLANG_WARN_OBJC_IMPLICIT_RETAIN_SELF = YES;
				CLANG_WARN_OBJC_LITERAL_CONVERSION = YES;
				CLANG_WARN_OBJC_ROOT_CLASS = YES_ERROR;
				CLANG_WARN_RANGE_LOOP_ANALYSIS = YES;
				CLANG_WARN_STRICT_PROTOTYPES = YES;
				CLANG_WARN_SUSPICIOUS_MOVE = YES;
				CLANG_WARN_UNGUARDED_AVAILABILITY = YES_AGGRESSIVE;
				CLANG_WARN_UNREACHABLE_CODE = YES;
				CLANG_WARN__DUPLICATE_METHOD_MATCH = YES;
				COPY_PHASE_STRIP = NO;
				DEBUG_INFORMATION_FORMAT = "dwarf-with-dsym";
				ENABLE_NS_ASSERTIONS = NO;
				ENABLE_STRICT_OBJC_MSGSEND = YES;
				GCC_C_LANGUAGE_STANDARD = gnu11;
				GCC_NO_COMMON_BLOCKS = YES;
				GCC_WARN_64_TO_32_BIT_CONVERSION = YES;
				GCC_WARN_ABOUT_RETURN_TYPE = YES_ERROR;
				GCC_WARN_UNDECLARED_SELECTOR = YES;
				GCC_WARN_UNINITIALIZED_AUTOS = YES_AGGRESSIVE;
				GCC_WARN_UNUSED_FUNCTION = YES;
				GCC_WARN_UNUSED_VARIABLE = YES;
				IPHONEOS_DEPLOYMENT_TARGET = 13.5;
				MTL_ENABLE_DEBUG_INFO = NO;
				MTL_FAST_MATH = YES;
				SDKROOT = iphoneos;
				SWIFT_COMPILATION_MODE = wholemodule;
				SWIFT_OPTIMIZATION_LEVEL = "-O";
				VALIDATE_PRODUCT = YES;
			};
			name = Release;
		};
		ED3D2CFC2485876000FEED4B /* Debug */ = {
			isa = XCBuildConfiguration;
			baseConfigurationReference = 38B88A0E275280885FA8A914 /* Pods-flix.debug.xcconfig */;
			buildSettings = {
				ASSETCATALOG_COMPILER_APPICON_NAME = AppIcon;
				CODE_SIGN_STYLE = Automatic;
				INFOPLIST_FILE = flix/Info.plist;
				LD_RUNPATH_SEARCH_PATHS = (
					"$(inherited)",
					"@executable_path/Frameworks",
				);
				PRODUCT_BUNDLE_IDENTIFIER = "Jonathan-Signer.flix";
				PRODUCT_NAME = "$(TARGET_NAME)";
				SWIFT_VERSION = 5.0;
				TARGETED_DEVICE_FAMILY = "1,2";
			};
			name = Debug;
		};
		ED3D2CFD2485876000FEED4B /* Release */ = {
			isa = XCBuildConfiguration;
			baseConfigurationReference = 62FD55D30BB2479C2BEE31EF /* Pods-flix.release.xcconfig */;
			buildSettings = {
				ASSETCATALOG_COMPILER_APPICON_NAME = AppIcon;
				CODE_SIGN_STYLE = Automatic;
				INFOPLIST_FILE = flix/Info.plist;
				LD_RUNPATH_SEARCH_PATHS = (
					"$(inherited)",
					"@executable_path/Frameworks",
				);
				PRODUCT_BUNDLE_IDENTIFIER = "Jonathan-Signer.flix";
				PRODUCT_NAME = "$(TARGET_NAME)";
				SWIFT_VERSION = 5.0;
				TARGETED_DEVICE_FAMILY = "1,2";
			};
			name = Release;
		};
		ED3D2CFF2485876000FEED4B /* Debug */ = {
			isa = XCBuildConfiguration;
			baseConfigurationReference = 578141FC350A63F32D0FA247 /* Pods-flixTests.debug.xcconfig */;
			buildSettings = {
				ALWAYS_EMBED_SWIFT_STANDARD_LIBRARIES = YES;
				BUNDLE_LOADER = "$(TEST_HOST)";
				CODE_SIGN_STYLE = Automatic;
				INFOPLIST_FILE = flixTests/Info.plist;
				IPHONEOS_DEPLOYMENT_TARGET = 13.5;
				LD_RUNPATH_SEARCH_PATHS = (
					"$(inherited)",
					"@executable_path/Frameworks",
					"@loader_path/Frameworks",
				);
				PRODUCT_BUNDLE_IDENTIFIER = "Jonathan-Signer.flixTests";
				PRODUCT_NAME = "$(TARGET_NAME)";
				SWIFT_VERSION = 5.0;
				TARGETED_DEVICE_FAMILY = "1,2";
				TEST_HOST = "$(BUILT_PRODUCTS_DIR)/flix.app/flix";
			};
			name = Debug;
		};
		ED3D2D002485876000FEED4B /* Release */ = {
			isa = XCBuildConfiguration;
			baseConfigurationReference = 71E6E50D3D7B4B1EC2CA9A03 /* Pods-flixTests.release.xcconfig */;
			buildSettings = {
				ALWAYS_EMBED_SWIFT_STANDARD_LIBRARIES = YES;
				BUNDLE_LOADER = "$(TEST_HOST)";
				CODE_SIGN_STYLE = Automatic;
				INFOPLIST_FILE = flixTests/Info.plist;
				IPHONEOS_DEPLOYMENT_TARGET = 13.5;
				LD_RUNPATH_SEARCH_PATHS = (
					"$(inherited)",
					"@executable_path/Frameworks",
					"@loader_path/Frameworks",
				);
				PRODUCT_BUNDLE_IDENTIFIER = "Jonathan-Signer.flixTests";
				PRODUCT_NAME = "$(TARGET_NAME)";
				SWIFT_VERSION = 5.0;
				TARGETED_DEVICE_FAMILY = "1,2";
				TEST_HOST = "$(BUILT_PRODUCTS_DIR)/flix.app/flix";
			};
			name = Release;
		};
		ED3D2D022485876000FEED4B /* Debug */ = {
			isa = XCBuildConfiguration;
			baseConfigurationReference = B9248B6DDB5D95DA9CF936EA /* Pods-flix-flixUITests.debug.xcconfig */;
			buildSettings = {
				ALWAYS_EMBED_SWIFT_STANDARD_LIBRARIES = YES;
				CODE_SIGN_STYLE = Automatic;
				INFOPLIST_FILE = flixUITests/Info.plist;
				LD_RUNPATH_SEARCH_PATHS = (
					"$(inherited)",
					"@executable_path/Frameworks",
					"@loader_path/Frameworks",
				);
				PRODUCT_BUNDLE_IDENTIFIER = "Jonathan-Signer.flixUITests";
				PRODUCT_NAME = "$(TARGET_NAME)";
				SWIFT_VERSION = 5.0;
				TARGETED_DEVICE_FAMILY = "1,2";
				TEST_TARGET_NAME = flix;
			};
			name = Debug;
		};
		ED3D2D032485876000FEED4B /* Release */ = {
			isa = XCBuildConfiguration;
			baseConfigurationReference = 48C9819EE154067C001F62A8 /* Pods-flix-flixUITests.release.xcconfig */;
			buildSettings = {
				ALWAYS_EMBED_SWIFT_STANDARD_LIBRARIES = YES;
				CODE_SIGN_STYLE = Automatic;
				INFOPLIST_FILE = flixUITests/Info.plist;
				LD_RUNPATH_SEARCH_PATHS = (
					"$(inherited)",
					"@executable_path/Frameworks",
					"@loader_path/Frameworks",
				);
				PRODUCT_BUNDLE_IDENTIFIER = "Jonathan-Signer.flixUITests";
				PRODUCT_NAME = "$(TARGET_NAME)";
				SWIFT_VERSION = 5.0;
				TARGETED_DEVICE_FAMILY = "1,2";
				TEST_TARGET_NAME = flix;
			};
			name = Release;
		};
/* End XCBuildConfiguration section */

/* Begin XCConfigurationList section */
		ED3D2CCC2485875D00FEED4B /* Build configuration list for PBXProject "flix" */ = {
			isa = XCConfigurationList;
			buildConfigurations = (
				ED3D2CF92485876000FEED4B /* Debug */,
				ED3D2CFA2485876000FEED4B /* Release */,
			);
			defaultConfigurationIsVisible = 0;
			defaultConfigurationName = Release;
		};
		ED3D2CFB2485876000FEED4B /* Build configuration list for PBXNativeTarget "flix" */ = {
			isa = XCConfigurationList;
			buildConfigurations = (
				ED3D2CFC2485876000FEED4B /* Debug */,
				ED3D2CFD2485876000FEED4B /* Release */,
			);
			defaultConfigurationIsVisible = 0;
			defaultConfigurationName = Release;
		};
		ED3D2CFE2485876000FEED4B /* Build configuration list for PBXNativeTarget "flixTests" */ = {
			isa = XCConfigurationList;
			buildConfigurations = (
				ED3D2CFF2485876000FEED4B /* Debug */,
				ED3D2D002485876000FEED4B /* Release */,
			);
			defaultConfigurationIsVisible = 0;
			defaultConfigurationName = Release;
		};
		ED3D2D012485876000FEED4B /* Build configuration list for PBXNativeTarget "flixUITests" */ = {
			isa = XCConfigurationList;
			buildConfigurations = (
				ED3D2D022485876000FEED4B /* Debug */,
				ED3D2D032485876000FEED4B /* Release */,
			);
			defaultConfigurationIsVisible = 0;
			defaultConfigurationName = Release;
		};
/* End XCConfigurationList section */
	};
	rootObject = ED3D2CC92485875D00FEED4B /* Project object */;
}
